// !$*UTF8*$!
{
	archiveVersion = 1;
	classes = {
	};
	objectVersion = 46;
	objects = {

/* Begin PBXBuildFile section */
		D30E88391AADFCB50015E09F /* main.m in Sources */ = {isa = PBXBuildFile; fileRef = D30E88381AADFCB50015E09F /* main.m */; };
		D30E883C1AADFCB50015E09F /* AppDelegate.m in Sources */ = {isa = PBXBuildFile; fileRef = D30E883B1AADFCB50015E09F /* AppDelegate.m */; };
		D30E883F1AADFCB50015E09F /* ViewController.m in Sources */ = {isa = PBXBuildFile; fileRef = D30E883E1AADFCB50015E09F /* ViewController.m */; };
		D30E88421AADFCB50015E09F /* Main.storyboard in Resources */ = {isa = PBXBuildFile; fileRef = D30E88401AADFCB50015E09F /* Main.storyboard */; };
		D30E88441AADFCB50015E09F /* Images.xcassets in Resources */ = {isa = PBXBuildFile; fileRef = D30E88431AADFCB50015E09F /* Images.xcassets */; };
		D30E88471AADFCB50015E09F /* LaunchScreen.xib in Resources */ = {isa = PBXBuildFile; fileRef = D30E88451AADFCB50015E09F /* LaunchScreen.xib */; };
		D30E88531AADFCB50015E09F /* iPhoneRemoteServerTests.m in Sources */ = {isa = PBXBuildFile; fileRef = D30E88521AADFCB50015E09F /* iPhoneRemoteServerTests.m */; };
/* End PBXBuildFile section */

/* Begin PBXContainerItemProxy section */
		D30E884D1AADFCB50015E09F /* PBXContainerItemProxy */ = {
			isa = PBXContainerItemProxy;
			containerPortal = D30E882B1AADFCB50015E09F /* Project object */;
			proxyType = 1;
			remoteGlobalIDString = D30E88321AADFCB50015E09F;
			remoteInfo = iPhoneRemoteServer;
		};
/* End PBXContainerItemProxy section */

/* Begin PBXFileReference section */
		D30E88331AADFCB50015E09F /* iPhoneRemoteServer.app */ = {isa = PBXFileReference; explicitFileType = wrapper.application; includeInIndex = 0; path = iPhoneRemoteServer.app; sourceTree = BUILT_PRODUCTS_DIR; };
		D30E88371AADFCB50015E09F /* Info.plist */ = {isa = PBXFileReference; lastKnownFileType = text.plist.xml; path = Info.plist; sourceTree = "<group>"; };
		D30E88381AADFCB50015E09F /* main.m */ = {isa = PBXFileReference; lastKnownFileType = sourcecode.c.objc; path = main.m; sourceTree = "<group>"; };
		D30E883A1AADFCB50015E09F /* AppDelegate.h */ = {isa = PBXFileReference; lastKnownFileType = sourcecode.c.h; path = AppDelegate.h; sourceTree = "<group>"; };
		D30E883B1AADFCB50015E09F /* AppDelegate.m */ = {isa = PBXFileReference; lastKnownFileType = sourcecode.c.objc; path = AppDelegate.m; sourceTree = "<group>"; };
		D30E883D1AADFCB50015E09F /* ViewController.h */ = {isa = PBXFileReference; lastKnownFileType = sourcecode.c.h; path = ViewController.h; sourceTree = "<group>"; };
		D30E883E1AADFCB50015E09F /* ViewController.m */ = {isa = PBXFileReference; lastKnownFileType = sourcecode.c.objc; path = ViewController.m; sourceTree = "<group>"; };
		D30E88411AADFCB50015E09F /* Base */ = {isa = PBXFileReference; lastKnownFileType = file.storyboard; name = Base; path = Base.lproj/Main.storyboard; sourceTree = "<group>"; };
		D30E88431AADFCB50015E09F /* Images.xcassets */ = {isa = PBXFileReference; lastKnownFileType = folder.assetcatalog; path = Images.xcassets; sourceTree = "<group>"; };
		D30E88461AADFCB50015E09F /* Base */ = {isa = PBXFileReference; lastKnownFileType = file.xib; name = Base; path = Base.lproj/LaunchScreen.xib; sourceTree = "<group>"; };
		D30E884C1AADFCB50015E09F /* iPhoneRemoteServerTests.xctest */ = {isa = PBXFileReference; explicitFileType = wrapper.cfbundle; includeInIndex = 0; path = iPhoneRemoteServerTests.xctest; sourceTree = BUILT_PRODUCTS_DIR; };
		D30E88511AADFCB50015E09F /* Info.plist */ = {isa = PBXFileReference; lastKnownFileType = text.plist.xml; path = Info.plist; sourceTree = "<group>"; };
		D30E88521AADFCB50015E09F /* iPhoneRemoteServerTests.m */ = {isa = PBXFileReference; lastKnownFileType = sourcecode.c.objc; path = iPhoneRemoteServerTests.m; sourceTree = "<group>"; };
/* End PBXFileReference section */

/* Begin PBXFrameworksBuildPhase section */
		D30E88301AADFCB50015E09F /* Frameworks */ = {
			isa = PBXFrameworksBuildPhase;
			buildActionMask = 2147483647;
			files = (
			);
			runOnlyForDeploymentPostprocessing = 0;
		};
		D30E88491AADFCB50015E09F /* Frameworks */ = {
			isa = PBXFrameworksBuildPhase;
			buildActionMask = 2147483647;
			files = (
			);
			runOnlyForDeploymentPostprocessing = 0;
		};
/* End PBXFrameworksBuildPhase section */

/* Begin PBXGroup section */
		D30E882A1AADFCB50015E09F = {
			isa = PBXGroup;
			children = (
				D30E88351AADFCB50015E09F /* iPhoneRemoteServer */,
				D30E884F1AADFCB50015E09F /* iPhoneRemoteServerTests */,
				D30E88341AADFCB50015E09F /* Products */,
			);
			sourceTree = "<group>";
		};
		D30E88341AADFCB50015E09F /* Products */ = {
			isa = PBXGroup;
			children = (
				D30E88331AADFCB50015E09F /* iPhoneRemoteServer.app */,
				D30E884C1AADFCB50015E09F /* iPhoneRemoteServerTests.xctest */,
			);
			name = Products;
			sourceTree = "<group>";
		};
		D30E88351AADFCB50015E09F /* iPhoneRemoteServer */ = {
			isa = PBXGroup;
			children = (
				D30E883A1AADFCB50015E09F /* AppDelegate.h */,
				D30E883B1AADFCB50015E09F /* AppDelegate.m */,
				D30E883D1AADFCB50015E09F /* ViewController.h */,
				D30E883E1AADFCB50015E09F /* ViewController.m */,
				D30E88401AADFCB50015E09F /* Main.storyboard */,
				D30E88431AADFCB50015E09F /* Images.xcassets */,
				D30E88451AADFCB50015E09F /* LaunchScreen.xib */,
				D30E88361AADFCB50015E09F /* Supporting Files */,
			);
			path = iPhoneRemoteServer;
			sourceTree = "<group>";
		};
		D30E88361AADFCB50015E09F /* Supporting Files */ = {
			isa = PBXGroup;
			children = (
				D30E88371AADFCB50015E09F /* Info.plist */,
				D30E88381AADFCB50015E09F /* main.m */,
			);
			name = "Supporting Files";
			sourceTree = "<group>";
		};
		D30E884F1AADFCB50015E09F /* iPhoneRemoteServerTests */ = {
			isa = PBXGroup;
			children = (
				D30E88521AADFCB50015E09F /* iPhoneRemoteServerTests.m */,
				D30E88501AADFCB50015E09F /* Supporting Files */,
			);
			path = iPhoneRemoteServerTests;
			sourceTree = "<group>";
		};
		D30E88501AADFCB50015E09F /* Supporting Files */ = {
			isa = PBXGroup;
			children = (
				D30E88511AADFCB50015E09F /* Info.plist */,
			);
			name = "Supporting Files";
			sourceTree = "<group>";
		};
/* End PBXGroup section */

/* Begin PBXNativeTarget section */
		D30E88321AADFCB50015E09F /* iPhoneRemoteServer */ = {
			isa = PBXNativeTarget;
			buildConfigurationList = D30E88561AADFCB50015E09F /* Build configuration list for PBXNativeTarget "iPhoneRemoteServer" */;
			buildPhases = (
				D30E882F1AADFCB50015E09F /* Sources */,
				D30E88301AADFCB50015E09F /* Frameworks */,
				D30E88311AADFCB50015E09F /* Resources */,
			);
			buildRules = (
			);
			dependencies = (
			);
			name = iPhoneRemoteServer;
			productName = iPhoneRemoteServer;
			productReference = D30E88331AADFCB50015E09F /* iPhoneRemoteServer.app */;
			productType = "com.apple.product-type.application";
		};
		D30E884B1AADFCB50015E09F /* iPhoneRemoteServerTests */ = {
			isa = PBXNativeTarget;
			buildConfigurationList = D30E88591AADFCB50015E09F /* Build configuration list for PBXNativeTarget "iPhoneRemoteServerTests" */;
			buildPhases = (
				D30E88481AADFCB50015E09F /* Sources */,
				D30E88491AADFCB50015E09F /* Frameworks */,
				D30E884A1AADFCB50015E09F /* Resources */,
			);
			buildRules = (
			);
			dependencies = (
				D30E884E1AADFCB50015E09F /* PBXTargetDependency */,
			);
			name = iPhoneRemoteServerTests;
			productName = iPhoneRemoteServerTests;
			productReference = D30E884C1AADFCB50015E09F /* iPhoneRemoteServerTests.xctest */;
			productType = "com.apple.product-type.bundle.unit-test";
		};
/* End PBXNativeTarget section */

/* Begin PBXProject section */
		D30E882B1AADFCB50015E09F /* Project object */ = {
			isa = PBXProject;
			attributes = {
				LastUpgradeCheck = 0630;
				ORGANIZATIONNAME = "Michael Frain";
				TargetAttributes = {
					D30E88321AADFCB50015E09F = {
						CreatedOnToolsVersion = 6.3;
					};
					D30E884B1AADFCB50015E09F = {
						CreatedOnToolsVersion = 6.3;
						TestTargetID = D30E88321AADFCB50015E09F;
					};
				};
			};
			buildConfigurationList = D30E882E1AADFCB50015E09F /* Build configuration list for PBXProject "iPhoneRemoteServer" */;
			compatibilityVersion = "Xcode 3.2";
			developmentRegion = English;
			hasScannedForEncodings = 0;
			knownRegions = (
				en,
				Base,
			);
			mainGroup = D30E882A1AADFCB50015E09F;
			productRefGroup = D30E88341AADFCB50015E09F /* Products */;
			projectDirPath = "";
			projectRoot = "";
			targets = (
				D30E88321AADFCB50015E09F /* iPhoneRemoteServer */,
				D30E884B1AADFCB50015E09F /* iPhoneRemoteServerTests */,
			);
		};
/* End PBXProject section */

/* Begin PBXResourcesBuildPhase section */
		D30E88311AADFCB50015E09F /* Resources */ = {
			isa = PBXResourcesBuildPhase;
			buildActionMask = 2147483647;
			files = (
				D30E88421AADFCB50015E09F /* Main.storyboard in Resources */,
				D30E88471AADFCB50015E09F /* LaunchScreen.xib in Resources */,
				D30E88441AADFCB50015E09F /* Images.xcassets in Resources */,
			);
			runOnlyForDeploymentPostprocessing = 0;
		};
		D30E884A1AADFCB50015E09F /* Resources */ = {
			isa = PBXResourcesBuildPhase;
			buildActionMask = 2147483647;
			files = (
			);
			runOnlyForDeploymentPostprocessing = 0;
		};
/* End PBXResourcesBuildPhase section */

/* Begin PBXSourcesBuildPhase section */
		D30E882F1AADFCB50015E09F /* Sources */ = {
			isa = PBXSourcesBuildPhase;
			buildActionMask = 2147483647;
			files = (
				D30E883F1AADFCB50015E09F /* ViewController.m in Sources */,
				D30E883C1AADFCB50015E09F /* AppDelegate.m in Sources */,
				D30E88391AADFCB50015E09F /* main.m in Sources */,
			);
			runOnlyForDeploymentPostprocessing = 0;
		};
		D30E88481AADFCB50015E09F /* Sources */ = {
			isa = PBXSourcesBuildPhase;
			buildActionMask = 2147483647;
			files = (
				D30E88531AADFCB50015E09F /* iPhoneRemoteServerTests.m in Sources */,
			);
			runOnlyForDeploymentPostprocessing = 0;
		};
/* End PBXSourcesBuildPhase section */

/* Begin PBXTargetDependency section */
		D30E884E1AADFCB50015E09F /* PBXTargetDependency */ = {
			isa = PBXTargetDependency;
			target = D30E88321AADFCB50015E09F /* iPhoneRemoteServer */;
			targetProxy = D30E884D1AADFCB50015E09F /* PBXContainerItemProxy */;
		};
/* End PBXTargetDependency section */

/* Begin PBXVariantGroup section */
		D30E88401AADFCB50015E09F /* Main.storyboard */ = {
			isa = PBXVariantGroup;
			children = (
				D30E88411AADFCB50015E09F /* Base */,
			);
			name = Main.storyboard;
			sourceTree = "<group>";
		};
		D30E88451AADFCB50015E09F /* LaunchScreen.xib */ = {
			isa = PBXVariantGroup;
			children = (
				D30E88461AADFCB50015E09F /* Base */,
			);
			name = LaunchScreen.xib;
			sourceTree = "<group>";
		};
/* End PBXVariantGroup section */

/* Begin XCBuildConfiguration section */
		D30E88541AADFCB50015E09F /* Debug */ = {
			isa = XCBuildConfiguration;
			buildSettings = {
				ALWAYS_SEARCH_USER_PATHS = NO;
				CLANG_CXX_LANGUAGE_STANDARD = "gnu++0x";
				CLANG_CXX_LIBRARY = "libc++";
				CLANG_ENABLE_MODULES = YES;
				CLANG_ENABLE_OBJC_ARC = YES;
				CLANG_WARN_BOOL_CONVERSION = YES;
				CLANG_WARN_CONSTANT_CONVERSION = YES;
				CLANG_WARN_DIRECT_OBJC_ISA_USAGE = YES_ERROR;
				CLANG_WARN_EMPTY_BODY = YES;
				CLANG_WARN_ENUM_CONVERSION = YES;
				CLANG_WARN_INT_CONVERSION = YES;
				CLANG_WARN_OBJC_ROOT_CLASS = YES_ERROR;
				CLANG_WARN_UNREACHABLE_CODE = YES;
				CLANG_WARN__DUPLICATE_METHOD_MATCH = YES;
				"CODE_SIGN_IDENTITY[sdk=iphoneos*]" = "iPhone Developer";
				COPY_PHASE_STRIP = NO;
				DEBUG_INFORMATION_FORMAT = dwarf;
				ENABLE_STRICT_OBJC_MSGSEND = YES;
				GCC_C_LANGUAGE_STANDARD = gnu99;
				GCC_DYNAMIC_NO_PIC = NO;
				GCC_OPTIMIZATION_LEVEL = 0;
				GCC_PREPROCESSOR_DEFINITIONS = (
					"DEBUG=1",
					"$(inherited)",
				);
				GCC_SYMBOLS_PRIVATE_EXTERN = NO;
				GCC_WARN_64_TO_32_BIT_CONVERSION = YES;
				GCC_WARN_ABOUT_RETURN_TYPE = YES_ERROR;
				GCC_WARN_UNDECLARED_SELECTOR = YES;
				GCC_WARN_UNINITIALIZED_AUTOS = YES_AGGRESSIVE;
				GCC_WARN_UNUSED_FUNCTION = YES;
				GCC_WARN_UNUSED_VARIABLE = YES;
				IPHONEOS_DEPLOYMENT_TARGET = 8.3;
				MTL_ENABLE_DEBUG_INFO = YES;
				ONLY_ACTIVE_ARCH = YES;
				SDKROOT = iphoneos;
				TARGETED_DEVICE_FAMILY = "1,2";
			};
			name = Debug;
		};
		D30E88551AADFCB50015E09F /* Release */ = {
			isa = XCBuildConfiguration;
			buildSettings = {
				ALWAYS_SEARCH_USER_PATHS = NO;
				CLANG_CXX_LANGUAGE_STANDARD = "gnu++0x";
				CLANG_CXX_LIBRARY = "libc++";
				CLANG_ENABLE_MODULES = YES;
				CLANG_ENABLE_OBJC_ARC = YES;
				CLANG_WARN_BOOL_CONVERSION = YES;
				CLANG_WARN_CONSTANT_CONVERSION = YES;
				CLANG_WARN_DIRECT_OBJC_ISA_USAGE = YES_ERROR;
				CLANG_WARN_EMPTY_BODY = YES;
				CLANG_WARN_ENUM_CONVERSION = YES;
				CLANG_WARN_INT_CONVERSION = YES;
				CLANG_WARN_OBJC_ROOT_CLASS = YES_ERROR;
				CLANG_WARN_UNREACHABLE_CODE = YES;
				CLANG_WARN__DUPLICATE_METHOD_MATCH = YES;
				"CODE_SIGN_IDENTITY[sdk=iphoneos*]" = "iPhone Developer";
				COPY_PHASE_STRIP = NO;
				DEBUG_INFORMATION_FORMAT = "dwarf-with-dsym";
				ENABLE_NS_ASSERTIONS = NO;
				ENABLE_STRICT_OBJC_MSGSEND = YES;
				GCC_C_LANGUAGE_STANDARD = gnu99;
				GCC_WARN_64_TO_32_BIT_CONVERSION = YES;
				GCC_WARN_ABOUT_RETURN_TYPE = YES_ERROR;
				GCC_WARN_UNDECLARED_SELECTOR = YES;
				GCC_WARN_UNINITIALIZED_AUTOS = YES_AGGRESSIVE;
				GCC_WARN_UNUSED_FUNCTION = YES;
				GCC_WARN_UNUSED_VARIABLE = YES;
				IPHONEOS_DEPLOYMENT_TARGET = 8.3;
				MTL_ENABLE_DEBUG_INFO = NO;
				SDKROOT = iphoneos;
				TARGETED_DEVICE_FAMILY = "1,2";
				VALIDATE_PRODUCT = YES;
			};
			name = Release;
		};
		D30E88571AADFCB50015E09F /* Debug */ = {
			isa = XCBuildConfiguration;
			buildSettings = {
				ASSETCATALOG_COMPILER_APPICON_NAME = AppIcon;
				INFOPLIST_FILE = iPhoneRemoteServer/Info.plist;
				LD_RUNPATH_SEARCH_PATHS = "$(inherited) @executable_path/Frameworks";
				PRODUCT_NAME = "$(TARGET_NAME)";
			};
			name = Debug;
		};
		D30E88581AADFCB50015E09F /* Release */ = {
			isa = XCBuildConfiguration;
			buildSettings = {
				ASSETCATALOG_COMPILER_APPICON_NAME = AppIcon;
				INFOPLIST_FILE = iPhoneRemoteServer/Info.plist;
				LD_RUNPATH_SEARCH_PATHS = "$(inherited) @executable_path/Frameworks";
				PRODUCT_NAME = "$(TARGET_NAME)";
			};
			name = Release;
		};
		D30E885A1AADFCB50015E09F /* Debug */ = {
			isa = XCBuildConfiguration;
			buildSettings = {
				BUNDLE_LOADER = "$(TEST_HOST)";
				FRAMEWORK_SEARCH_PATHS = (
					"$(SDKROOT)/Developer/Library/Frameworks",
					"$(inherited)",
				);
				GCC_PREPROCESSOR_DEFINITIONS = (
					"DEBUG=1",
					"$(inherited)",
				);
				INFOPLIST_FILE = iPhoneRemoteServerTests/Info.plist;
				LD_RUNPATH_SEARCH_PATHS = "$(inherited) @executable_path/Frameworks @loader_path/Frameworks";
				PRODUCT_NAME = "$(TARGET_NAME)";
				TEST_HOST = "$(BUILT_PRODUCTS_DIR)/iPhoneRemoteServer.app/iPhoneRemoteServer";
			};
			name = Debug;
		};
		D30E885B1AADFCB50015E09F /* Release */ = {
			isa = XCBuildConfiguration;
			buildSettings = {
				BUNDLE_LOADER = "$(TEST_HOST)";
				FRAMEWORK_SEARCH_PATHS = (
					"$(SDKROOT)/Developer/Library/Frameworks",
					"$(inherited)",
				);
				INFOPLIST_FILE = iPhoneRemoteServerTests/Info.plist;
				LD_RUNPATH_SEARCH_PATHS = "$(inherited) @executable_path/Frameworks @loader_path/Frameworks";
				PRODUCT_NAME = "$(TARGET_NAME)";
				TEST_HOST = "$(BUILT_PRODUCTS_DIR)/iPhoneRemoteServer.app/iPhoneRemoteServer";
			};
			name = Release;
		};
/* End XCBuildConfiguration section */

/* Begin XCConfigurationList section */
		D30E882E1AADFCB50015E09F /* Build configuration list for PBXProject "iPhoneRemoteServer" */ = {
			isa = XCConfigurationList;
			buildConfigurations = (
				D30E88541AADFCB50015E09F /* Debug */,
				D30E88551AADFCB50015E09F /* Release */,
			);
			defaultConfigurationIsVisible = 0;
			defaultConfigurationName = Release;
		};
		D30E88561AADFCB50015E09F /* Build configuration list for PBXNativeTarget "iPhoneRemoteServer" */ = {
			isa = XCConfigurationList;
			buildConfigurations = (
				D30E88571AADFCB50015E09F /* Debug */,
				D30E88581AADFCB50015E09F /* Release */,
			);
			defaultConfigurationIsVisible = 0;
		};
		D30E88591AADFCB50015E09F /* Build configuration list for PBXNativeTarget "iPhoneRemoteServerTests" */ = {
			isa = XCConfigurationList;
			buildConfigurations = (
				D30E885A1AADFCB50015E09F /* Debug */,
				D30E885B1AADFCB50015E09F /* Release */,
			);
			defaultConfigurationIsVisible = 0;
		};
/* End XCConfigurationList section */
	};
	rootObject = D30E882B1AADFCB50015E09F /* Project object */;
}
